// !$*UTF8*$!
{
	archiveVersion = 1;
	classes = {
	};
	objectVersion = 46;
	objects = {

/* Begin PBXBuildFile section */
		43EC03E7A1B9BAFA5652A49C /* libPods-aacEncodingTest.a in Frameworks */ = {isa = PBXBuildFile; fileRef = E00BD6E5CFFFC8F7C4CAC102 /* libPods-aacEncodingTest.a */; };
		E148E0091E7667B400CC1203 /* main.m in Sources */ = {isa = PBXBuildFile; fileRef = E148E0081E7667B400CC1203 /* main.m */; };
		E148E00C1E7667B400CC1203 /* AppDelegate.m in Sources */ = {isa = PBXBuildFile; fileRef = E148E00B1E7667B400CC1203 /* AppDelegate.m */; };
		E148E00F1E7667B400CC1203 /* ViewController.m in Sources */ = {isa = PBXBuildFile; fileRef = E148E00E1E7667B400CC1203 /* ViewController.m */; };
		E148E0121E7667B400CC1203 /* Main.storyboard in Resources */ = {isa = PBXBuildFile; fileRef = E148E0101E7667B400CC1203 /* Main.storyboard */; };
		E148E0141E7667B400CC1203 /* Assets.xcassets in Resources */ = {isa = PBXBuildFile; fileRef = E148E0131E7667B400CC1203 /* Assets.xcassets */; };
		E148E0171E7667B400CC1203 /* LaunchScreen.storyboard in Resources */ = {isa = PBXBuildFile; fileRef = E148E0151E7667B400CC1203 /* LaunchScreen.storyboard */; };
		E148E0201E766A3500CC1203 /* testaudio.aac in Resources */ = {isa = PBXBuildFile; fileRef = E148E01F1E766A3500CC1203 /* testaudio.aac */; };
		E148E0231E766AD300CC1203 /* CoreAudio.framework in Frameworks */ = {isa = PBXBuildFile; fileRef = E148E0221E766AD300CC1203 /* CoreAudio.framework */; };
		E148E0291E767C9600CC1203 /* WMCRecorder.m in Sources */ = {isa = PBXBuildFile; fileRef = E148E0281E767C9600CC1203 /* WMCRecorder.m */; };
		E148E0301E7691A100CC1203 /* NSData+ASBinary.m in Sources */ = {isa = PBXBuildFile; fileRef = E148E02F1E7691A100CC1203 /* NSData+ASBinary.m */; };
		E19A54711E9225D100D62622 /* NSStream+BoundPairAdditions.m in Sources */ = {isa = PBXBuildFile; fileRef = E19A54701E9225D100D62622 /* NSStream+BoundPairAdditions.m */; };
		E19A54741E92263C00D62622 /* WMCBufferWriter.m in Sources */ = {isa = PBXBuildFile; fileRef = E19A54731E92263C00D62622 /* WMCBufferWriter.m */; };
		E1B016D71E8BCBB600657DED /* testaudio2.aac in Resources */ = {isa = PBXBuildFile; fileRef = E1B016D61E8BCBB600657DED /* testaudio2.aac */; };
		E1ED71791E8D1AB20060EF83 /* WMCAACEncoder.m in Sources */ = {isa = PBXBuildFile; fileRef = E1ED71781E8D1AB20060EF83 /* WMCAACEncoder.m */; };
/* End PBXBuildFile section */

/* Begin PBXFileReference section */
		2318651F158AE9D311604895 /* Pods-aacEncodingTest.release.xcconfig */ = {isa = PBXFileReference; includeInIndex = 1; lastKnownFileType = text.xcconfig; name = "Pods-aacEncodingTest.release.xcconfig"; path = "Pods/Target Support Files/Pods-aacEncodingTest/Pods-aacEncodingTest.release.xcconfig"; sourceTree = "<group>"; };
		C5FD263F1CDC7C5D5BBC2CF3 /* Pods-aacEncodingTest.debug.xcconfig */ = {isa = PBXFileReference; includeInIndex = 1; lastKnownFileType = text.xcconfig; name = "Pods-aacEncodingTest.debug.xcconfig"; path = "Pods/Target Support Files/Pods-aacEncodingTest/Pods-aacEncodingTest.debug.xcconfig"; sourceTree = "<group>"; };
		E00BD6E5CFFFC8F7C4CAC102 /* libPods-aacEncodingTest.a */ = {isa = PBXFileReference; explicitFileType = archive.ar; includeInIndex = 0; path = "libPods-aacEncodingTest.a"; sourceTree = BUILT_PRODUCTS_DIR; };
		E1381E1D1E85274700CFF388 /* aacEncodingTest.entitlements */ = {isa = PBXFileReference; lastKnownFileType = text.plist.entitlements; path = aacEncodingTest.entitlements; sourceTree = "<group>"; };
		E148E0041E7667B400CC1203 /* aacEncodingTest.app */ = {isa = PBXFileReference; explicitFileType = wrapper.application; includeInIndex = 0; path = aacEncodingTest.app; sourceTree = BUILT_PRODUCTS_DIR; };
		E148E0081E7667B400CC1203 /* main.m */ = {isa = PBXFileReference; lastKnownFileType = sourcecode.c.objc; path = main.m; sourceTree = "<group>"; };
		E148E00A1E7667B400CC1203 /* AppDelegate.h */ = {isa = PBXFileReference; lastKnownFileType = sourcecode.c.h; path = AppDelegate.h; sourceTree = "<group>"; };
		E148E00B1E7667B400CC1203 /* AppDelegate.m */ = {isa = PBXFileReference; lastKnownFileType = sourcecode.c.objc; path = AppDelegate.m; sourceTree = "<group>"; };
		E148E00D1E7667B400CC1203 /* ViewController.h */ = {isa = PBXFileReference; lastKnownFileType = sourcecode.c.h; path = ViewController.h; sourceTree = "<group>"; };
		E148E00E1E7667B400CC1203 /* ViewController.m */ = {isa = PBXFileReference; lastKnownFileType = sourcecode.c.objc; path = ViewController.m; sourceTree = "<group>"; };
		E148E0111E7667B400CC1203 /* Base */ = {isa = PBXFileReference; lastKnownFileType = file.storyboard; name = Base; path = Base.lproj/Main.storyboard; sourceTree = "<group>"; };
		E148E0131E7667B400CC1203 /* Assets.xcassets */ = {isa = PBXFileReference; lastKnownFileType = folder.assetcatalog; path = Assets.xcassets; sourceTree = "<group>"; };
		E148E0161E7667B400CC1203 /* Base */ = {isa = PBXFileReference; lastKnownFileType = file.storyboard; name = Base; path = Base.lproj/LaunchScreen.storyboard; sourceTree = "<group>"; };
		E148E0181E7667B400CC1203 /* Info.plist */ = {isa = PBXFileReference; lastKnownFileType = text.plist.xml; path = Info.plist; sourceTree = "<group>"; };
		E148E01F1E766A3500CC1203 /* testaudio.aac */ = {isa = PBXFileReference; lastKnownFileType = file; name = testaudio.aac; path = Resources/testaudio.aac; sourceTree = "<group>"; };
		E148E0221E766AD300CC1203 /* CoreAudio.framework */ = {isa = PBXFileReference; lastKnownFileType = wrapper.framework; name = CoreAudio.framework; path = System/Library/Frameworks/CoreAudio.framework; sourceTree = SDKROOT; };
		E148E0271E767C9600CC1203 /* WMCRecorder.h */ = {isa = PBXFileReference; fileEncoding = 4; lastKnownFileType = sourcecode.c.h; name = WMCRecorder.h; path = Utils/WMCRecorder.h; sourceTree = "<group>"; };
		E148E0281E767C9600CC1203 /* WMCRecorder.m */ = {isa = PBXFileReference; fileEncoding = 4; lastKnownFileType = sourcecode.c.objc; name = WMCRecorder.m; path = Utils/WMCRecorder.m; sourceTree = "<group>"; };
		E148E02E1E7691A100CC1203 /* NSData+ASBinary.h */ = {isa = PBXFileReference; fileEncoding = 4; lastKnownFileType = sourcecode.c.h; name = "NSData+ASBinary.h"; path = "Extentions/NSData+ASBinary.h"; sourceTree = "<group>"; };
		E148E02F1E7691A100CC1203 /* NSData+ASBinary.m */ = {isa = PBXFileReference; fileEncoding = 4; lastKnownFileType = sourcecode.c.objc; name = "NSData+ASBinary.m"; path = "Extentions/NSData+ASBinary.m"; sourceTree = "<group>"; };
		E19A546F1E9225D100D62622 /* NSStream+BoundPairAdditions.h */ = {isa = PBXFileReference; fileEncoding = 4; lastKnownFileType = sourcecode.c.h; name = "NSStream+BoundPairAdditions.h"; path = "Extentions/NSStream+BoundPairAdditions.h"; sourceTree = "<group>"; };
		E19A54701E9225D100D62622 /* NSStream+BoundPairAdditions.m */ = {isa = PBXFileReference; fileEncoding = 4; lastKnownFileType = sourcecode.c.objc; name = "NSStream+BoundPairAdditions.m"; path = "Extentions/NSStream+BoundPairAdditions.m"; sourceTree = "<group>"; };
		E19A54721E92263C00D62622 /* WMCBufferWriter.h */ = {isa = PBXFileReference; fileEncoding = 4; lastKnownFileType = sourcecode.c.h; name = WMCBufferWriter.h; path = Utils/WMCBufferWriter.h; sourceTree = "<group>"; };
		E19A54731E92263C00D62622 /* WMCBufferWriter.m */ = {isa = PBXFileReference; fileEncoding = 4; lastKnownFileType = sourcecode.c.objc; name = WMCBufferWriter.m; path = Utils/WMCBufferWriter.m; sourceTree = "<group>"; };
		E1B016D61E8BCBB600657DED /* testaudio2.aac */ = {isa = PBXFileReference; lastKnownFileType = file; name = testaudio2.aac; path = Resources/testaudio2.aac; sourceTree = "<group>"; };
		E1ED71771E8D1AB20060EF83 /* WMCAACEncoder.h */ = {isa = PBXFileReference; fileEncoding = 4; lastKnownFileType = sourcecode.c.h; name = WMCAACEncoder.h; path = Utils/WMCAACEncoder.h; sourceTree = "<group>"; };
		E1ED71781E8D1AB20060EF83 /* WMCAACEncoder.m */ = {isa = PBXFileReference; fileEncoding = 4; lastKnownFileType = sourcecode.c.objc; name = WMCAACEncoder.m; path = Utils/WMCAACEncoder.m; sourceTree = "<group>"; };
/* End PBXFileReference section */

/* Begin PBXFrameworksBuildPhase section */
		E148E0011E7667B400CC1203 /* Frameworks */ = {
			isa = PBXFrameworksBuildPhase;
			buildActionMask = 2147483647;
			files = (
				E148E0231E766AD300CC1203 /* CoreAudio.framework in Frameworks */,
				43EC03E7A1B9BAFA5652A49C /* libPods-aacEncodingTest.a in Frameworks */,
			);
			runOnlyForDeploymentPostprocessing = 0;
		};
/* End PBXFrameworksBuildPhase section */

/* Begin PBXGroup section */
		E148DFFB1E7667B400CC1203 = {
			isa = PBXGroup;
			children = (
				E148E0061E7667B400CC1203 /* aacEncodingTest */,
				E148E0051E7667B400CC1203 /* Products */,
				E1B896EA5DD7641B1182EB6B /* Pods */,
				E148E0211E766AD300CC1203 /* Frameworks */,
			);
			sourceTree = "<group>";
		};
		E148E0051E7667B400CC1203 /* Products */ = {
			isa = PBXGroup;
			children = (
				E148E0041E7667B400CC1203 /* aacEncodingTest.app */,
			);
			name = Products;
			sourceTree = "<group>";
		};
		E148E0061E7667B400CC1203 /* aacEncodingTest */ = {
			isa = PBXGroup;
			children = (
				E1381E1D1E85274700CFF388 /* aacEncodingTest.entitlements */,
				E148E01E1E76680000CC1203 /* Resources */,
				E148E02A1E76915900CC1203 /* Extentions */,
				E148E0261E767C8300CC1203 /* Utils */,
				E148E00A1E7667B400CC1203 /* AppDelegate.h */,
				E148E00B1E7667B400CC1203 /* AppDelegate.m */,
				E148E00D1E7667B400CC1203 /* ViewController.h */,
				E148E00E1E7667B400CC1203 /* ViewController.m */,
				E148E0101E7667B400CC1203 /* Main.storyboard */,
				E148E0151E7667B400CC1203 /* LaunchScreen.storyboard */,
				E148E0071E7667B400CC1203 /* Supporting Files */,
			);
			path = aacEncodingTest;
			sourceTree = "<group>";
		};
		E148E0071E7667B400CC1203 /* Supporting Files */ = {
			isa = PBXGroup;
			children = (
				E148E0131E7667B400CC1203 /* Assets.xcassets */,
				E148E0181E7667B400CC1203 /* Info.plist */,
				E148E0081E7667B400CC1203 /* main.m */,
			);
			name = "Supporting Files";
			sourceTree = "<group>";
		};
		E148E01E1E76680000CC1203 /* Resources */ = {
			isa = PBXGroup;
			children = (
				E1B016D61E8BCBB600657DED /* testaudio2.aac */,
				E148E01F1E766A3500CC1203 /* testaudio.aac */,
			);
			name = Resources;
			sourceTree = "<group>";
		};
		E148E0211E766AD300CC1203 /* Frameworks */ = {
			isa = PBXGroup;
			children = (
				E148E0221E766AD300CC1203 /* CoreAudio.framework */,
				E00BD6E5CFFFC8F7C4CAC102 /* libPods-aacEncodingTest.a */,
			);
			name = Frameworks;
			sourceTree = "<group>";
		};
		E148E0261E767C8300CC1203 /* Utils */ = {
			isa = PBXGroup;
			children = (
				E148E0271E767C9600CC1203 /* WMCRecorder.h */,
				E148E0281E767C9600CC1203 /* WMCRecorder.m */,
				E1ED71771E8D1AB20060EF83 /* WMCAACEncoder.h */,
				E1ED71781E8D1AB20060EF83 /* WMCAACEncoder.m */,
				E19A54721E92263C00D62622 /* WMCBufferWriter.h */,
				E19A54731E92263C00D62622 /* WMCBufferWriter.m */,
			);
			name = Utils;
			sourceTree = "<group>";
		};
		E148E02A1E76915900CC1203 /* Extentions */ = {
			isa = PBXGroup;
			children = (
				E148E02E1E7691A100CC1203 /* NSData+ASBinary.h */,
				E148E02F1E7691A100CC1203 /* NSData+ASBinary.m */,
				E19A546F1E9225D100D62622 /* NSStream+BoundPairAdditions.h */,
				E19A54701E9225D100D62622 /* NSStream+BoundPairAdditions.m */,
			);
			name = Extentions;
			sourceTree = "<group>";
		};
		E1B896EA5DD7641B1182EB6B /* Pods */ = {
			isa = PBXGroup;
			children = (
				C5FD263F1CDC7C5D5BBC2CF3 /* Pods-aacEncodingTest.debug.xcconfig */,
				2318651F158AE9D311604895 /* Pods-aacEncodingTest.release.xcconfig */,
			);
			name = Pods;
			sourceTree = "<group>";
		};
/* End PBXGroup section */

/* Begin PBXNativeTarget section */
		E148E0031E7667B400CC1203 /* aacEncodingTest */ = {
			isa = PBXNativeTarget;
			buildConfigurationList = E148E01B1E7667B400CC1203 /* Build configuration list for PBXNativeTarget "aacEncodingTest" */;
			buildPhases = (
				303AB101A3FADC58DB2D65F2 /* [CP] Check Pods Manifest.lock */,
				E148E0001E7667B400CC1203 /* Sources */,
				E148E0011E7667B400CC1203 /* Frameworks */,
				E148E0021E7667B400CC1203 /* Resources */,
				ED7C0C9CCED16CB2296D35D5 /* [CP] Embed Pods Frameworks */,
				C5E7907E2AF11278E5F8A886 /* [CP] Copy Pods Resources */,
			);
			buildRules = (
			);
			dependencies = (
			);
			name = aacEncodingTest;
			productName = aacEncodingTest;
			productReference = E148E0041E7667B400CC1203 /* aacEncodingTest.app */;
			productType = "com.apple.product-type.application";
		};
/* End PBXNativeTarget section */

/* Begin PBXProject section */
		E148DFFC1E7667B400CC1203 /* Project object */ = {
			isa = PBXProject;
			attributes = {
				LastUpgradeCheck = 0820;
				ORGANIZATIONNAME = "Line App";
				TargetAttributes = {
					E148E0031E7667B400CC1203 = {
						CreatedOnToolsVersion = 8.2.1;
						DevelopmentTeam = GBS327G4QD;
						ProvisioningStyle = Automatic;
						SystemCapabilities = {
							com.apple.InterAppAudio = {
								enabled = 0;
							};
						};
					};
				};
			};
			buildConfigurationList = E148DFFF1E7667B400CC1203 /* Build configuration list for PBXProject "aacEncodingTest" */;
			compatibilityVersion = "Xcode 3.2";
			developmentRegion = English;
			hasScannedForEncodings = 0;
			knownRegions = (
				en,
				Base,
			);
			mainGroup = E148DFFB1E7667B400CC1203;
			productRefGroup = E148E0051E7667B400CC1203 /* Products */;
			projectDirPath = "";
			projectRoot = "";
			targets = (
				E148E0031E7667B400CC1203 /* aacEncodingTest */,
			);
		};
/* End PBXProject section */

/* Begin PBXResourcesBuildPhase section */
		E148E0021E7667B400CC1203 /* Resources */ = {
			isa = PBXResourcesBuildPhase;
			buildActionMask = 2147483647;
			files = (
				E148E0171E7667B400CC1203 /* LaunchScreen.storyboard in Resources */,
				E148E0141E7667B400CC1203 /* Assets.xcassets in Resources */,
				E148E0201E766A3500CC1203 /* testaudio.aac in Resources */,
				E148E0121E7667B400CC1203 /* Main.storyboard in Resources */,
				E1B016D71E8BCBB600657DED /* testaudio2.aac in Resources */,
			);
			runOnlyForDeploymentPostprocessing = 0;
		};
/* End PBXResourcesBuildPhase section */

/* Begin PBXShellScriptBuildPhase section */
		303AB101A3FADC58DB2D65F2 /* [CP] Check Pods Manifest.lock */ = {
			isa = PBXShellScriptBuildPhase;
			buildActionMask = 2147483647;
			files = (
			);
			inputPaths = (
			);
			name = "[CP] Check Pods Manifest.lock";
			outputPaths = (
			);
			runOnlyForDeploymentPostprocessing = 0;
			shellPath = /bin/sh;
			shellScript = "diff \"${PODS_ROOT}/../Podfile.lock\" \"${PODS_ROOT}/Manifest.lock\" > /dev/null\nif [ $? != 0 ] ; then\n    # print error to STDERR\n    echo \"error: The sandbox is not in sync with the Podfile.lock. Run 'pod install' or update your CocoaPods installation.\" >&2\n    exit 1\nfi\n";
			showEnvVarsInLog = 0;
		};
		C5E7907E2AF11278E5F8A886 /* [CP] Copy Pods Resources */ = {
			isa = PBXShellScriptBuildPhase;
			buildActionMask = 2147483647;
			files = (
			);
			inputPaths = (
			);
			name = "[CP] Copy Pods Resources";
			outputPaths = (
			);
			runOnlyForDeploymentPostprocessing = 0;
			shellPath = /bin/sh;
			shellScript = "\"${SRCROOT}/Pods/Target Support Files/Pods-aacEncodingTest/Pods-aacEncodingTest-resources.sh\"\n";
			showEnvVarsInLog = 0;
		};
		ED7C0C9CCED16CB2296D35D5 /* [CP] Embed Pods Frameworks */ = {
			isa = PBXShellScriptBuildPhase;
			buildActionMask = 2147483647;
			files = (
			);
			inputPaths = (
			);
			name = "[CP] Embed Pods Frameworks";
			outputPaths = (
			);
			runOnlyForDeploymentPostprocessing = 0;
			shellPath = /bin/sh;
			shellScript = "\"${SRCROOT}/Pods/Target Support Files/Pods-aacEncodingTest/Pods-aacEncodingTest-frameworks.sh\"\n";
			showEnvVarsInLog = 0;
		};
/* End PBXShellScriptBuildPhase section */

/* Begin PBXSourcesBuildPhase section */
		E148E0001E7667B400CC1203 /* Sources */ = {
			isa = PBXSourcesBuildPhase;
			buildActionMask = 2147483647;
			files = (
				E148E0301E7691A100CC1203 /* NSData+ASBinary.m in Sources */,
				E148E0291E767C9600CC1203 /* WMCRecorder.m in Sources */,
				E148E00F1E7667B400CC1203 /* ViewController.m in Sources */,
				E1ED71791E8D1AB20060EF83 /* WMCAACEncoder.m in Sources */,
				E148E00C1E7667B400CC1203 /* AppDelegate.m in Sources */,
				E19A54711E9225D100D62622 /* NSStream+BoundPairAdditions.m in Sources */,
				E19A54741E92263C00D62622 /* WMCBufferWriter.m in Sources */,
				E148E0091E7667B400CC1203 /* main.m in Sources */,
			);
			runOnlyForDeploymentPostprocessing = 0;
		};
/* End PBXSourcesBuildPhase section */

/* Begin PBXVariantGroup section */
		E148E0101E7667B400CC1203 /* Main.storyboard */ = {
			isa = PBXVariantGroup;
			children = (
				E148E0111E7667B400CC1203 /* Base */,
			);
			name = Main.storyboard;
			sourceTree = "<group>";
		};
		E148E0151E7667B400CC1203 /* LaunchScreen.storyboard */ = {
			isa = PBXVariantGroup;
			children = (
				E148E0161E7667B400CC1203 /* Base */,
			);
			name = LaunchScreen.storyboard;
			sourceTree = "<group>";
		};
/* End PBXVariantGroup section */

/* Begin XCBuildConfiguration section */
		E148E0191E7667B400CC1203 /* Debug */ = {
			isa = XCBuildConfiguration;
			buildSettings = {
				ALWAYS_SEARCH_USER_PATHS = NO;
				CLANG_ANALYZER_NONNULL = YES;
				CLANG_CXX_LANGUAGE_STANDARD = "gnu++0x";
				CLANG_CXX_LIBRARY = "libc++";
				CLANG_ENABLE_MODULES = YES;
				CLANG_ENABLE_OBJC_ARC = YES;
				CLANG_WARN_BOOL_CONVERSION = YES;
				CLANG_WARN_CONSTANT_CONVERSION = YES;
				CLANG_WARN_DIRECT_OBJC_ISA_USAGE = YES_ERROR;
				CLANG_WARN_DOCUMENTATION_COMMENTS = YES;
				CLANG_WARN_EMPTY_BODY = YES;
				CLANG_WARN_ENUM_CONVERSION = YES;
				CLANG_WARN_INFINITE_RECURSION = YES;
				CLANG_WARN_INT_CONVERSION = YES;
				CLANG_WARN_OBJC_ROOT_CLASS = YES_ERROR;
				CLANG_WARN_SUSPICIOUS_MOVE = YES;
				CLANG_WARN_UNREACHABLE_CODE = YES;
				CLANG_WARN__DUPLICATE_METHOD_MATCH = YES;
				"CODE_SIGN_IDENTITY[sdk=iphoneos*]" = "iPhone Developer";
				COPY_PHASE_STRIP = NO;
				DEBUG_INFORMATION_FORMAT = dwarf;
				ENABLE_STRICT_OBJC_MSGSEND = YES;
				ENABLE_TESTABILITY = YES;
				GCC_C_LANGUAGE_STANDARD = gnu99;
				GCC_DYNAMIC_NO_PIC = NO;
				GCC_NO_COMMON_BLOCKS = YES;
				GCC_OPTIMIZATION_LEVEL = 0;
				GCC_PREPROCESSOR_DEFINITIONS = (
					"DEBUG=1",
					"$(inherited)",
				);
				GCC_WARN_64_TO_32_BIT_CONVERSION = YES;
				GCC_WARN_ABOUT_RETURN_TYPE = YES_ERROR;
				GCC_WARN_UNDECLARED_SELECTOR = YES;
				GCC_WARN_UNINITIALIZED_AUTOS = YES_AGGRESSIVE;
				GCC_WARN_UNUSED_FUNCTION = YES;
				GCC_WARN_UNUSED_VARIABLE = YES;
				IPHONEOS_DEPLOYMENT_TARGET = 10.2;
				MTL_ENABLE_DEBUG_INFO = YES;
				ONLY_ACTIVE_ARCH = YES;
				SDKROOT = iphoneos;
			};
			name = Debug;
		};
		E148E01A1E7667B400CC1203 /* Release */ = {
			isa = XCBuildConfiguration;
			buildSettings = {
				ALWAYS_SEARCH_USER_PATHS = NO;
				CLANG_ANALYZER_NONNULL = YES;
				CLANG_CXX_LANGUAGE_STANDARD = "gnu++0x";
				CLANG_CXX_LIBRARY = "libc++";
				CLANG_ENABLE_MODULES = YES;
				CLANG_ENABLE_OBJC_ARC = YES;
				CLANG_WARN_BOOL_CONVERSION = YES;
				CLANG_WARN_CONSTANT_CONVERSION = YES;
				CLANG_WARN_DIRECT_OBJC_ISA_USAGE = YES_ERROR;
				CLANG_WARN_DOCUMENTATION_COMMENTS = YES;
				CLANG_WARN_EMPTY_BODY = YES;
				CLANG_WARN_ENUM_CONVERSION = YES;
				CLANG_WARN_INFINITE_RECURSION = YES;
				CLANG_WARN_INT_CONVERSION = YES;
				CLANG_WARN_OBJC_ROOT_CLASS = YES_ERROR;
				CLANG_WARN_SUSPICIOUS_MOVE = YES;
				CLANG_WARN_UNREACHABLE_CODE = YES;
				CLANG_WARN__DUPLICATE_METHOD_MATCH = YES;
				"CODE_SIGN_IDENTITY[sdk=iphoneos*]" = "iPhone Developer";
				COPY_PHASE_STRIP = NO;
				DEBUG_INFORMATION_FORMAT = "dwarf-with-dsym";
				ENABLE_NS_ASSERTIONS = NO;
				ENABLE_STRICT_OBJC_MSGSEND = YES;
				GCC_C_LANGUAGE_STANDARD = gnu99;
				GCC_NO_COMMON_BLOCKS = YES;
				GCC_WARN_64_TO_32_BIT_CONVERSION = YES;
				GCC_WARN_ABOUT_RETURN_TYPE = YES_ERROR;
				GCC_WARN_UNDECLARED_SELECTOR = YES;
				GCC_WARN_UNINITIALIZED_AUTOS = YES_AGGRESSIVE;
				GCC_WARN_UNUSED_FUNCTION = YES;
				GCC_WARN_UNUSED_VARIABLE = YES;
				IPHONEOS_DEPLOYMENT_TARGET = 10.2;
				MTL_ENABLE_DEBUG_INFO = NO;
				SDKROOT = iphoneos;
				VALIDATE_PRODUCT = YES;
			};
			name = Release;
		};
		E148E01C1E7667B400CC1203 /* Debug */ = {
			isa = XCBuildConfiguration;
			baseConfigurationReference = C5FD263F1CDC7C5D5BBC2CF3 /* Pods-aacEncodingTest.debug.xcconfig */;
			buildSettings = {
				ASSETCATALOG_COMPILER_APPICON_NAME = AppIcon;
				DEVELOPMENT_TEAM = GBS327G4QD;
				INFOPLIST_FILE = aacEncodingTest/Info.plist;
				LD_RUNPATH_SEARCH_PATHS = "$(inherited) @executable_path/Frameworks";
				PRODUCT_BUNDLE_IDENTIFIER = ru.lineapp.aacEncodingTest;
				PRODUCT_NAME = "$(TARGET_NAME)";
			};
			name = Debug;
		};
		E148E01D1E7667B400CC1203 /* Release */ = {
			isa = XCBuildConfiguration;
			baseConfigurationReference = 2318651F158AE9D311604895 /* Pods-aacEncodingTest.release.xcconfig */;
			buildSettings = {
				ASSETCATALOG_COMPILER_APPICON_NAME = AppIcon;
				DEVELOPMENT_TEAM = GBS327G4QD;
				INFOPLIST_FILE = aacEncodingTest/Info.plist;
				LD_RUNPATH_SEARCH_PATHS = "$(inherited) @executable_path/Frameworks";
				PRODUCT_BUNDLE_IDENTIFIER = ru.lineapp.aacEncodingTest;
				PRODUCT_NAME = "$(TARGET_NAME)";
			};
			name = Release;
		};
/* End XCBuildConfiguration section */

/* Begin XCConfigurationList section */
		E148DFFF1E7667B400CC1203 /* Build configuration list for PBXProject "aacEncodingTest" */ = {
			isa = XCConfigurationList;
			buildConfigurations = (
				E148E0191E7667B400CC1203 /* Debug */,
				E148E01A1E7667B400CC1203 /* Release */,
			);
			defaultConfigurationIsVisible = 0;
			defaultConfigurationName = Release;
		};
		E148E01B1E7667B400CC1203 /* Build configuration list for PBXNativeTarget "aacEncodingTest" */ = {
			isa = XCConfigurationList;
			buildConfigurations = (
				E148E01C1E7667B400CC1203 /* Debug */,
				E148E01D1E7667B400CC1203 /* Release */,
			);
			defaultConfigurationIsVisible = 0;
			defaultConfigurationName = Release;
		};
/* End XCConfigurationList section */
	};
	rootObject = E148DFFC1E7667B400CC1203 /* Project object */;
}
